version: 3
metadata:
  content_hash:
    osx-arm64: e90c2ee71ad70fc0a1c8302029533a7d1498f2bffcd0eaa8d2934700e775dc1d
  channels:
  - url: https://conda.anaconda.org/conda-forge/
    used_env_vars: []
  platforms:
  - osx-arm64
  sources: []
  time_metadata: null
  git_metadata: null
  inputs_metadata: null
  custom_metadata: null
package:
- platform: osx-arm64
  name: _go_select
  version: 2.3.0
  category: main
  manager: conda
  dependencies: []
  url: https://conda.anaconda.org/conda-forge/osx-arm64/_go_select-2.3.0-cgo.tar.bz2
  hash:
    md5: 79a39651abfce773c2948175d9b62986
    sha256: 5cd5dd9817d0d671ad3e2f85c967b4dcd1a297a686b7d5820e625e2f4f962558
  build: cgo
  arch: aarch64
  subdir: osx-arm64
  build_number: 0
  license: BSD-3-Clause
  license_family: BSD
  size: 5074
  timestamp: 1627073534014
- platform: osx-arm64
  name: bzip2
  version: 1.0.8
  category: main
  manager: conda
  dependencies: []
  url: https://conda.anaconda.org/conda-forge/osx-arm64/bzip2-1.0.8-h93a5062_5.conda
  hash:
    md5: 1bbc659ca658bfd49a481b5ef7a0f40f
    sha256: bfa84296a638bea78a8bb29abc493ee95f2a0218775642474a840411b950fe5f
  build: h93a5062_5
  arch: aarch64
  subdir: osx-arm64
  build_number: 5
  license: bzip2-1.0.6
  license_family: BSD
  size: 122325
  timestamp: 1699280294368
- platform: osx-arm64
  name: ca-certificates
  version: 2023.11.17
  category: main
  manager: conda
  dependencies: []
  url: https://conda.anaconda.org/conda-forge/osx-arm64/ca-certificates-2023.11.17-hf0a4a13_0.conda
  hash:
    md5: c01da7c77cfcba2107174e25c1d47384
    sha256: 75f4762a55f7e9453a603c967d549bfa0a7a9669d502d103cb6fbf8c86d993c6
  build: hf0a4a13_0
  arch: aarch64
  subdir: osx-arm64
  build_number: 0
  license: ISC
  size: 154444
  timestamp: 1700280972188
- platform: osx-arm64
  name: click
  version: 8.1.7
  category: main
  manager: conda
  dependencies:
  - __unix
  - python >=3.8
  url: https://conda.anaconda.org/conda-forge/noarch/click-8.1.7-unix_pyh707e725_0.conda
  hash:
    md5: f3ad426304898027fc619827ff428eca
    sha256: f0016cbab6ac4138a429e28dbcb904a90305b34b3fe41a9b89d697c90401caec
  build: unix_pyh707e725_0
  arch: aarch64
  subdir: osx-arm64
  build_number: 0
  license: BSD-3-Clause
  license_family: BSD
  noarch: python
  size: 84437
  timestamp: 1692311973840
- platform: osx-arm64
  name: colorama
  version: 0.4.6
  category: main
  manager: conda
  dependencies:
  - python >=3.7
  url: https://conda.anaconda.org/conda-forge/noarch/colorama-0.4.6-pyhd8ed1ab_0.tar.bz2
  hash:
    md5: 3faab06a954c2a04039983f2c4a50d99
    sha256: 2c1b2e9755ce3102bca8d69e8f26e4f087ece73f50418186aee7c74bef8e1698
  build: pyhd8ed1ab_0
  arch: aarch64
  subdir: osx-arm64
  build_number: 0
  license: BSD-3-Clause
  license_family: BSD
  noarch: python
  size: 25170
  timestamp: 1666700778190
- platform: osx-arm64
  name: go
  version: 1.21.4
  category: main
  manager: conda
  dependencies:
  - __osx >=10.9
  - _go_select ==2.3.0 cgo
  - libcxx >=16.0.6
  - libgfortran 5.*
  - libgfortran5 >=12.3.0
  url: https://conda.anaconda.org/conda-forge/osx-arm64/go-1.21.4-hd7acd5f_0.conda
  hash:
    md5: 36d8af35ced93a05c4f721917cd78f66
    sha256: d70469a6e71fd6c0145971fca6458f8be2e6979b601f75c913e05e6a3dc064d7
  build: hd7acd5f_0
  arch: aarch64
  subdir: osx-arm64
  build_number: 0
  constrains:
  - __osx >=11.0
  - clang_osx-arm64 16.*
  - clangxx_osx-arm64 16.*
  - gfortran_osx-arm64 12.*
  license: BSD-3-Clause
  license_family: BSD
  size: 83691756
  timestamp: 1701291460475
- platform: osx-arm64
  name: libcxx
  version: 16.0.6
  category: main
  manager: conda
  dependencies: []
  url: https://conda.anaconda.org/conda-forge/osx-arm64/libcxx-16.0.6-h4653b0c_0.conda
  hash:
    md5: 9d7d724faf0413bf1dbc5a85935700c8
    sha256: 11d3fb51c14832d9e4f6d84080a375dec21ea8a3a381a1910e67ff9cedc20355
  build: h4653b0c_0
  arch: aarch64
  subdir: osx-arm64
  build_number: 0
  license: Apache-2.0 WITH LLVM-exception
  license_family: Apache
  size: 1160232
  timestamp: 1686896993785
- platform: osx-arm64
  name: libexpat
  version: 2.5.0
  category: main
  manager: conda
  dependencies: []
  url: https://conda.anaconda.org/conda-forge/osx-arm64/libexpat-2.5.0-hb7217d7_1.conda
  hash:
    md5: 5a097ad3d17e42c148c9566280481317
    sha256: 7d143a9c991579ad4207f84c632650a571c66329090daa32b3c87cf7311c3381
  build: hb7217d7_1
  arch: aarch64
  subdir: osx-arm64
  build_number: 1
  constrains:
  - expat 2.5.0.*
  license: MIT
  license_family: MIT
  size: 63442
  timestamp: 1680190916539
- platform: osx-arm64
  name: libffi
  version: 3.4.2
  category: main
  manager: conda
  dependencies: []
  url: https://conda.anaconda.org/conda-forge/osx-arm64/libffi-3.4.2-h3422bc3_5.tar.bz2
  hash:
    md5: 086914b672be056eb70fd4285b6783b6
    sha256: 41b3d13efb775e340e4dba549ab5c029611ea6918703096b2eaa9c015c0750ca
  build: h3422bc3_5
  arch: aarch64
  subdir: osx-arm64
  build_number: 5
  license: MIT
  license_family: MIT
  size: 39020
  timestamp: 1636488587153
- platform: osx-arm64
  name: libgfortran
  version: 5.0.0
  category: main
  manager: conda
  dependencies:
  - libgfortran5 13.2.0 hf226fd6_1
  url: https://conda.anaconda.org/conda-forge/osx-arm64/libgfortran-5.0.0-13_2_0_hd922786_1.conda
  hash:
    md5: 1ad37a5c60c250bb2b4a9f75563e181c
    sha256: bc8750e7893e693fa380bf2f342d4a5ce44995467cbdf72e56a00e5106b4892d
  build: 13_2_0_hd922786_1
  arch: aarch64
  subdir: osx-arm64
  build_number: 1
  license: GPL-3.0-only WITH GCC-exception-3.1
  license_family: GPL
  size: 110095
  timestamp: 1694172198016
- platform: osx-arm64
  name: libgfortran5
  version: 13.2.0
  category: main
  manager: conda
  dependencies:
  - llvm-openmp >=8.0.0
  url: https://conda.anaconda.org/conda-forge/osx-arm64/libgfortran5-13.2.0-hf226fd6_1.conda
  hash:
    md5: 4480d71b98c87faafab132d33e23135e
    sha256: cb9cb11e49a6a8466ea7556a723080d3aeefd556df9b444b941afc5b54368b22
  build: hf226fd6_1
  arch: aarch64
  subdir: osx-arm64
  build_number: 1
  constrains:
  - libgfortran 5.0.0 13_2_0_*_1
  license: GPL-3.0-only WITH GCC-exception-3.1
  license_family: GPL
  size: 995733
  timestamp: 1694172076009
- platform: osx-arm64
  name: libsqlite
  version: 3.44.2
  category: main
  manager: conda
  dependencies:
  - libzlib >=1.2.13,<1.3.0a0
  url: https://conda.anaconda.org/conda-forge/osx-arm64/libsqlite-3.44.2-h091b4b1_0.conda
  hash:
    md5: d7e1af696cfadec251a0abdd7b79ed77
    sha256: f0dc2fe69eddb4bab72ff6bb0da51d689294f466ee1b01e80ced1e7878a21aa5
  build: h091b4b1_0
  arch: aarch64
  subdir: osx-arm64
  build_number: 0
  license: Unlicense
  size: 815254
  timestamp: 1700863572318
- platform: osx-arm64
  name: libzlib
  version: 1.2.13
  category: main
  manager: conda
  dependencies: []
  url: https://conda.anaconda.org/conda-forge/osx-arm64/libzlib-1.2.13-h53f4e23_5.conda
  hash:
    md5: 1a47f5236db2e06a320ffa0392f81bd8
    sha256: ab1c8aefa2d54322a63aaeeefe9cf877411851738616c4068e0dccc66b9c758a
  build: h53f4e23_5
  arch: aarch64
  subdir: osx-arm64
  build_number: 5
  constrains:
  - zlib 1.2.13 *_5
  license: Zlib
  license_family: Other
  size: 48102
  timestamp: 1686575426584
- platform: osx-arm64
  name: llvm-openmp
  version: 17.0.6
  category: main
  manager: conda
  dependencies: []
  url: https://conda.anaconda.org/conda-forge/osx-arm64/llvm-openmp-17.0.6-hcd81f8e_0.conda
  hash:
    md5: 52019d2fa0eddbbc4e6dcd30fae0c0a4
    sha256: 0c217326c5931c1416b82f98169b8a8a52139f6f5f299dbb2efa7b21f65f225a
  build: hcd81f8e_0
  arch: aarch64
  subdir: osx-arm64
  build_number: 0
  constrains:
  - openmp 17.0.6|17.0.6.*
  license: Apache-2.0 WITH LLVM-exception
  license_family: APACHE
  size: 274631
  timestamp: 1701222947083
- platform: osx-arm64
  name: loguru
  version: 0.7.2
  category: main
  manager: conda
  dependencies:
  - python >=3.12.0rc3,<3.13.0a0
  - python >=3.12.0rc3,<3.13.0a0 *_cpython
  - python_abi 3.12.* *_cp312
  url: https://conda.anaconda.org/conda-forge/osx-arm64/loguru-0.7.2-py312h81bd7bf_1.conda
  hash:
    md5: c3f8892c76329082e82916808654bd58
    sha256: e89502e86d5a5a3c5552549fcb73ffb3530464a04c2649684faa099a50f64121
  build: py312h81bd7bf_1
  arch: aarch64
  subdir: osx-arm64
  build_number: 1
  license: MIT
  license_family: MIT
  size: 123884
  timestamp: 1695547752324
- platform: osx-arm64
  name: markdown-it-py
  version: 3.0.0
  category: main
  manager: conda
  dependencies:
  - mdurl >=0.1,<1
  - python >=3.8
  url: https://conda.anaconda.org/conda-forge/noarch/markdown-it-py-3.0.0-pyhd8ed1ab_0.conda
  hash:
    md5: 93a8e71256479c62074356ef6ebf501b
    sha256: c041b0eaf7a6af3344d5dd452815cdc148d6284fec25a4fa3f4263b3a021e962
  build: pyhd8ed1ab_0
  arch: aarch64
  subdir: osx-arm64
  build_number: 0
  license: MIT
  license_family: MIT
  noarch: python
  size: 64356
  timestamp: 1686175179621
- platform: osx-arm64
  name: mdurl
  version: 0.1.0
  category: main
  manager: conda
  dependencies:
  - python >=3.6
  url: https://conda.anaconda.org/conda-forge/noarch/mdurl-0.1.0-pyhd8ed1ab_0.tar.bz2
  hash:
    md5: f8dab71fdc13b1bf29a01248b156d268
    sha256: c678b9194e025b1fb665bec30ee20aab93399203583875b1dcc0a3b52a8f5523
  build: pyhd8ed1ab_0
  arch: aarch64
  subdir: osx-arm64
  build_number: 0
  license: MIT
  license_family: MIT
  noarch: python
  size: 13707
  timestamp: 1639515992326
- platform: osx-arm64
  name: ncurses
  version: '6.4'
  category: main
  manager: conda
  dependencies:
  - __osx >=10.9
  url: https://conda.anaconda.org/conda-forge/osx-arm64/ncurses-6.4-h463b476_2.conda
  hash:
    md5: 52b6f254a7b9663e854f44b6570ed982
    sha256: f6890634f815e8408d08f36503353f8dfd7b055e4c3b9ea2ee52180255cf4b0a
  build: h463b476_2
  arch: aarch64
  subdir: osx-arm64
  build_number: 2
  license: X11 AND BSD-3-Clause
  size: 794741
  timestamp: 1698751574074
- platform: osx-arm64
  name: openssl
  version: 3.2.0
  category: main
  manager: conda
  dependencies:
  - ca-certificates
  url: https://conda.anaconda.org/conda-forge/osx-arm64/openssl-3.2.0-h0d3ecfb_1.conda
  hash:
    md5: 47d16d26100f19ca495882882b7bc93b
    sha256: a53e1c6c058b621fd1d13cca6f9cccd534d2b3f4b4ac789fe26f7902031d6c41
  build: h0d3ecfb_1
  arch: aarch64
  subdir: osx-arm64
  build_number: 1
  constrains:
  - pyopenssl >=22.1
  license: Apache-2.0
  license_family: Apache
  size: 2856233
  timestamp: 1701162541844
- platform: osx-arm64
  name: pygments
  version: 2.17.2
  category: main
  manager: conda
  dependencies:
  - python >=3.7
  url: https://conda.anaconda.org/conda-forge/noarch/pygments-2.17.2-pyhd8ed1ab_0.conda
  hash:
    md5: 140a7f159396547e9799aa98f9f0742e
    sha256: af5f8867450dc292f98ea387d4d8945fc574284677c8f60eaa9846ede7387257
  build: pyhd8ed1ab_0
  arch: aarch64
  subdir: osx-arm64
  build_number: 0
  license: BSD-2-Clause
  license_family: BSD
  noarch: python
  size: 860425
  timestamp: 1700608076927
- platform: osx-arm64
  name: python
  version: 3.12.0
  category: main
  manager: conda
  dependencies:
  - bzip2 >=1.0.8,<2.0a0
  - libexpat >=2.5.0,<3.0a0
  - libffi >=3.4,<4.0a0
  - libsqlite >=3.43.0,<4.0a0
  - libzlib >=1.2.13,<1.3.0a0
  - ncurses >=6.4,<7.0a0
  - openssl >=3.1.3,<4.0a0
  - readline >=8.2,<9.0a0
  - tk >=8.6.13,<8.7.0a0
  - tzdata
  - xz >=5.2.6,<6.0a0
  url: https://conda.anaconda.org/conda-forge/osx-arm64/python-3.12.0-h47c9636_0_cpython.conda
  hash:
    md5: ed8ae98b1b510de68392971b9367d18c
    sha256: eb66f8f249caa9d5a956c3a407f079e4779d652ebfc2a4b4f50dcea078e84fa8
  build: h47c9636_0_cpython
  arch: aarch64
  subdir: osx-arm64
  build_number: 0
  constrains:
  - python_abi 3.12.* *_cp312
  license: Python-2.0
  size: 13306758
  timestamp: 1696322682581
- platform: osx-arm64
  name: python_abi
  version: '3.12'
  category: main
  manager: conda
  dependencies: []
  url: https://conda.anaconda.org/conda-forge/osx-arm64/python_abi-3.12-4_cp312.conda
  hash:
    md5: bbb3a02c78b2d8219d7213f76d644a2a
    sha256: db25428e4f24f8693ffa39f3ff6dfbb8fd53bc298764b775b57edab1c697560f
  build: 4_cp312
  arch: aarch64
  subdir: osx-arm64
  build_number: 4
  constrains:
  - python 3.12.* *_cpython
  license: BSD-3-Clause
  license_family: BSD
  size: 6508
  timestamp: 1695147497048
- platform: osx-arm64
  name: readline
  version: '8.2'
  category: main
  manager: conda
  dependencies:
  - ncurses >=6.3,<7.0a0
  url: https://conda.anaconda.org/conda-forge/osx-arm64/readline-8.2-h92ec313_1.conda
  hash:
    md5: 8cbb776a2f641b943d413b3e19df71f4
    sha256: a1dfa679ac3f6007362386576a704ad2d0d7a02e98f5d0b115f207a2da63e884
  build: h92ec313_1
  arch: aarch64
  subdir: osx-arm64
  build_number: 1
  license: GPL-3.0-only
  license_family: GPL
  size: 250351
  timestamp: 1679532511311
- platform: osx-arm64
  name: rich
  version: 13.7.0
  category: main
  manager: conda
  dependencies:
  - markdown-it-py >=2.2.0
  - pygments >=2.13.0,<3.0.0
  - python >=3.7.0
  - typing_extensions >=4.0.0,<5.0.0
  url: https://conda.anaconda.org/conda-forge/noarch/rich-13.7.0-pyhd8ed1ab_0.conda
  hash:
    md5: d7a11d4f3024b2f4a6e0ae7377dd61e9
    sha256: 4bb25bf1f5664772b2c4c2e3878aa6e7dc2695f97e3da4ee8e47c51e179913bb
  build: pyhd8ed1ab_0
  arch: aarch64
  subdir: osx-arm64
  build_number: 0
  license: MIT
  license_family: MIT
  noarch: python
  size: 184071
  timestamp: 1700160247583
- platform: osx-arm64
  name: shellingham
  version: 1.5.4
  category: main
  manager: conda
  dependencies:
  - python >=3.7
  url: https://conda.anaconda.org/conda-forge/noarch/shellingham-1.5.4-pyhd8ed1ab_0.conda
  hash:
    md5: d08db09a552699ee9e7eec56b4eb3899
    sha256: 3c49a0a101c41b7cf6ac05a1872d7a1f91f1b6d02eecb4a36b605a19517862bb
  build: pyhd8ed1ab_0
  arch: aarch64
  subdir: osx-arm64
  build_number: 0
  license: MIT
  license_family: MIT
  noarch: python
  size: 14568
  timestamp: 1698144516278
- platform: osx-arm64
  name: tk
  version: 8.6.13
  category: main
  manager: conda
  dependencies:
  - libzlib >=1.2.13,<1.3.0a0
  url: https://conda.anaconda.org/conda-forge/osx-arm64/tk-8.6.13-h5083fa2_1.conda
  hash:
    md5: b50a57ba89c32b62428b71a875291c9b
    sha256: 72457ad031b4c048e5891f3f6cb27a53cb479db68a52d965f796910e71a403a8
  build: h5083fa2_1
  arch: aarch64
  subdir: osx-arm64
  build_number: 1
  license: TCL
  license_family: BSD
  size: 3145523
  timestamp: 1699202432999
- platform: osx-arm64
  name: typer
  version: 0.9.0
  category: main
  manager: conda
  dependencies:
  - click >=7.1.1,<9
  - colorama >=0.4.3,<0.5.0
  - python >=3.6
  - rich >=10.11.0,<14.0.0
  - shellingham >=1.3.0,<2.0.0
  - typing-extensions >=3.7.4.3
  url: https://conda.anaconda.org/conda-forge/noarch/typer-0.9.0-pyhd8ed1ab_0.conda
  hash:
    md5: 5030a13b2fe5e143d5956d4943d3018f
    sha256: d395e1e92281abb13e043220ecf8ea973ada8d38a1e8c683df14f46541c64bd2
  build: pyhd8ed1ab_0
  arch: aarch64
  subdir: osx-arm64
  build_number: 0
  license: MIT
  license_family: MIT
  noarch: python
  size: 79064
  timestamp: 1683029411797
- platform: osx-arm64
  name: typing-extensions
  version: 4.8.0
  category: main
  manager: conda
  dependencies:
  - typing_extensions 4.8.0 pyha770c72_0
  url: https://conda.anaconda.org/conda-forge/noarch/typing-extensions-4.8.0-hd8ed1ab_0.conda
  hash:
    md5: 384462e63262a527bda564fa2d9126c0
    sha256: d6e1dddd0c372218ef15912383d351ac8c73465cbf16238017f0269813cafe2d
  build: hd8ed1ab_0
  arch: aarch64
  subdir: osx-arm64
  build_number: 0
  license: PSF-2.0
  license_family: PSF
  noarch: python
  size: 10104
  timestamp: 1695040958008
- platform: osx-arm64
  name: typing_extensions
  version: 4.8.0
  category: main
  manager: conda
  dependencies:
  - python >=3.8
  url: https://conda.anaconda.org/conda-forge/noarch/typing_extensions-4.8.0-pyha770c72_0.conda
  hash:
    md5: 5b1be40a26d10a06f6d4f1f9e19fa0c7
    sha256: 38d16b5c53ec1af845d37d22e7bb0e6c934c7f19499123507c5a470f6f8b7dde
  build: pyha770c72_0
  arch: aarch64
  subdir: osx-arm64
  build_number: 0
  license: PSF-2.0
  license_family: PSF
  noarch: python
  size: 35108
  timestamp: 1695040948828
- platform: osx-arm64
  name: tzdata
  version: 2023c
  category: main
  manager: conda
  dependencies: []
  url: https://conda.anaconda.org/conda-forge/noarch/tzdata-2023c-h71feb2d_0.conda
  hash:
    md5: 939e3e74d8be4dac89ce83b20de2492a
    sha256: 0449138224adfa125b220154408419ec37c06b0b49f63c5954724325903ecf55
  build: h71feb2d_0
  arch: aarch64
  subdir: osx-arm64
  build_number: 0
  license: LicenseRef-Public-Domain
  noarch: generic
  size: 117580
  timestamp: 1680041306008
- platform: osx-arm64
  name: xz
  version: 5.2.6
  category: main
  manager: conda
  dependencies: []
  url: https://conda.anaconda.org/conda-forge/osx-arm64/xz-5.2.6-h57fd34a_0.tar.bz2
  hash:
    md5: 39c6b54e94014701dd157f4f576ed211
    sha256: 59d78af0c3e071021cfe82dc40134c19dab8cdf804324b62940f5c8cd71803ec
  build: h57fd34a_0
  arch: aarch64
  subdir: osx-arm64
  build_number: 0
  license: LGPL-2.1 and GPL-2.0
  size: 235693
  timestamp: 1660346961024
